github.com/chriscow/minds v0.0.0-20241230180205-40ba54528956 h1:msjEM211G3/ICpGLWFMaPgmcSDVvOdm7gK2fVCErm34=
github.com/chriscow/minds v0.0.0-20241230180205-40ba54528956/go.mod h1:mFbZsJhKxEpSeuN1zfRt9V8djEa7MTwOxnerpfoJm/k=
github.com/chriscow/minds v0.0.1 h1:I1IasoVj7uT9ayaVcBtnBRehjNhrYWppteREfkqtzSQ=
github.com/chriscow/minds v0.0.1/go.mod h1:mFbZsJhKxEpSeuN1zfRt9V8djEa7MTwOxnerpfoJm/k=
github.com/chriscow/minds v0.0.3 h1:TyIfu2Lav1sGvQnZaO5xbi21anmmcwjJj4xjFLn46FU=
github.com/chriscow/minds v0.0.3/go.mod h1:mFbZsJhKxEpSeuN1zfRt9V8djEa7MTwOxnerpfoJm/k=
github.com/dlclark/regexp2 v1.9.0 h1:pTK/l/3qYIKaRXuHnEnIf7Y5NxfRPfpb7dis6/gdlVI=
github.com/dlclark/regexp2 v1.9.0/go.mod h1:DHkYz0B9wPfa6wondMfaivmHpzrQ3v9q8cnmRbL6yW8=
github.com/google/uuid v1.6.0 h1:NIvaJDMOsjHA8n1jAhLSgzrAzy1Hgr+hNrb57e+94F0=
github.com/google/uuid v1.6.0/go.mod h1:TIyPZe4MgqvfeYDBFedMoGGpEw/LqOeaOT+nhxU+yHo=
github.com/matryer/is v1.4.1 h1:55ehd8zaGABKLXQUe2awZ99BD/PTc2ls+KV/dXphgEQ=
github.com/matryer/is v1.4.1/go.mod h1:8I/i5uYgLzgsgEloJE1U6xx5HkBQpAZvepWuujKwMRU=
github.com/sashabaranov/go-openai v1.36.0 h1:fcSrn8uGuorzPWCBp8L0aCR95Zjb/Dd+ZSML0YZy9EI=
github.com/sashabaranov/go-openai v1.36.0/go.mod h1:lj5b/K+zjTSFxVLijLSTDZuP7adOgerWeFyZLUhAKRg=
github.com/tiktoken-go/tokenizer v0.2.1 h1:/VBr0BUWaSO1yMsnJliVVyCmEMzHDzTJNYxWxR0jWQA=
github.com/tiktoken-go/tokenizer v0.2.1/go.mod h1:7SZW3pZUKWLJRilTvWCa86TOVIiiJhYj3FQ5V3alWcg=
gopkg.in/check.v1 v0.0.0-20161208181325-20d25e280405 h1:yhCVgyC4o1eVCa2tZl7eS0r+SDo693bJlVdllGtEeKM=
gopkg.in/check.v1 v0.0.0-20161208181325-20d25e280405/go.mod h1:Co6ibVJAznAaIkqp8huTwlJQCZ016jof/cbN4VW5Yz0=
gopkg.in/yaml.v2 v2.4.0 h1:D8xgwECY7CYvx+Y2n4sBz93Jn9JRvxdiyyo8CTfuKaY=
gopkg.in/yaml.v2 v2.4.0/go.mod h1:RDklbk79AGWmwhnvt/jBztapEOGDOx6ZbXqjP6csGnQ=
